{
  "version": 4,
  "terraform_version": "1.3.9",
  "serial": 5,
  "lineage": "9449d76f-e0af-1daf-e11b-2dbf29a36e0d",
  "outputs": {},
  "resources": [
    {
      "mode": "data",
      "type": "aws_ami",
      "name": "ami",
      "provider": "provider[\"registry.terraform.io/hashicorp/aws\"]",
      "instances": [
        {
          "schema_version": 0,
          "attributes": {
            "architecture": "x86_64",
            "arn": "arn:aws:ec2:us-east-1::image/ami-0dfcb1ef8550277af",
            "block_device_mappings": [
              {
                "device_name": "/dev/xvda",
                "ebs": {
                  "delete_on_termination": "true",
                  "encrypted": "false",
                  "iops": "0",
                  "snapshot_id": "snap-0d1c2529186dee930",
                  "throughput": "0",
                  "volume_size": "8",
                  "volume_type": "gp2"
                },
                "no_device": "",
                "virtual_name": ""
              }
            ],
            "boot_mode": "",
            "creation_date": "2023-02-09T12:19:48.000Z",
            "deprecation_time": "2025-02-09T12:19:48.000Z",
            "description": "Amazon Linux 2 Kernel 5.10 AMI 2.0.20230207.0 x86_64 HVM gp2",
            "ena_support": true,
            "executable_users": null,
            "filter": [
              {
                "name": "name",
                "values": [
                  "amzn2-ami-kernel-5.10-hvm-*"
                ]
              },
              {
                "name": "root-device-type",
                "values": [
                  "ebs"
                ]
              }
            ],
            "hypervisor": "xen",
            "id": "ami-0dfcb1ef8550277af",
            "image_id": "ami-0dfcb1ef8550277af",
            "image_location": "amazon/amzn2-ami-kernel-5.10-hvm-2.0.20230207.0-x86_64-gp2",
            "image_owner_alias": "amazon",
            "image_type": "machine",
            "imds_support": "",
            "include_deprecated": false,
            "kernel_id": "",
            "most_recent": true,
            "name": "amzn2-ami-kernel-5.10-hvm-2.0.20230207.0-x86_64-gp2",
            "name_regex": null,
            "owner_id": "137112412989",
            "owners": [
              "amazon"
            ],
            "platform": "",
            "platform_details": "Linux/UNIX",
            "product_codes": [],
            "public": true,
            "ramdisk_id": "",
            "root_device_name": "/dev/xvda",
            "root_device_type": "ebs",
            "root_snapshot_id": "snap-0d1c2529186dee930",
            "sriov_net_support": "simple",
            "state": "available",
            "state_reason": {
              "code": "UNSET",
              "message": "UNSET"
            },
            "tags": {},
            "timeouts": null,
            "tpm_support": "",
            "usage_operation": "RunInstances",
            "virtualization_type": "hvm"
          },
          "sensitive_attributes": []
        }
      ]
    },
    {
      "mode": "data",
      "type": "aws_key_pair",
      "name": "my_key_pair",
      "provider": "provider[\"registry.terraform.io/hashicorp/aws\"]",
      "instances": [
        {
          "schema_version": 0,
          "attributes": {
            "arn": "arn:aws:ec2:us-east-1:160627668872:key-pair/rennie-demo-key",
            "create_time": "2023-02-25T20:45:45Z",
            "filter": null,
            "fingerprint": "85:96:96:7a:27:9b:e0:a3:42:67:7c:81:51:af:8e:79:84:fd:fe:1c",
            "id": "key-01bbb86a1fada2258",
            "include_public_key": true,
            "key_name": "rennie-demo-key",
            "key_pair_id": "key-01bbb86a1fada2258",
            "key_type": "rsa",
            "public_key": "ssh-rsa AAAAB3NzaC1yc2EAAAADAQABAAABAQCghZTIsYZHPiz9AShvcUSkCE51NYNwu8h8Xez1iPtsYV+Ufo7SGulEsR6OZGpg76CWI9ByPKvCAqadLCtL6/hr924336YC389XJbFILmcwG/l8h09MtBpzvh8nHnFgDYepF03D+NCJB4mZvEgsv10KDyCwEpZVQwqT7aMDknpv2DpecjVxlUMXON5hqJtZbcJrQS9t64BR64d62H9OAkSInYp9eYg663G2Qaswf+Efm37FpD29hLikB2wRo7XU0FUkAnF0ncdtisHsAu+aLQEZPYPYd378S42LiGtOxEjo7ikJ8PstlYeHqPq2PS8Dio8mNBV41Z0kVxsUBK2khVL1 rennie-demo-key",
            "tags": {},
            "timeouts": null
          },
          "sensitive_attributes": []
        }
      ]
    },
    {
      "mode": "managed",
      "type": "aws_vpc",
      "name": "test_vpc_for_each",
      "provider": "provider[\"registry.terraform.io/hashicorp/aws\"]",
      "instances": [
        {
          "schema_version": 1,
          "attributes": {
            "arn": "arn:aws:ec2:us-east-1:160627668872:vpc/vpc-072116e71f3d059f6",
            "assign_generated_ipv6_cidr_block": false,
            "cidr_block": "10.0.0.0/16",
            "default_network_acl_id": "acl-03c5928e33083c712",
            "default_route_table_id": "rtb-0430afea41edf3df2",
            "default_security_group_id": "sg-0e027852b3096f12e",
            "dhcp_options_id": "dopt-034a013fd1caf619c",
            "enable_classiclink": false,
            "enable_classiclink_dns_support": false,
            "enable_dns_hostnames": false,
            "enable_dns_support": true,
            "enable_network_address_usage_metrics": false,
            "id": "vpc-072116e71f3d059f6",
            "instance_tenancy": "default",
            "ipv4_ipam_pool_id": null,
            "ipv4_netmask_length": null,
            "ipv6_association_id": "",
            "ipv6_cidr_block": "",
            "ipv6_cidr_block_network_border_group": "",
            "ipv6_ipam_pool_id": "",
            "ipv6_netmask_length": 0,
            "main_route_table_id": "rtb-0430afea41edf3df2",
            "owner_id": "160627668872",
            "tags": {
              "Name": "initial-test-vpc"
            },
            "tags_all": {
              "Name": "initial-test-vpc"
            }
          },
          "sensitive_attributes": [],
          "private": "eyJzY2hlbWFfdmVyc2lvbiI6IjEifQ=="
        }
      ]
    }
  ],
  "check_results": null
}
